
Microsoft Visual Studio Solution File, Format Version 12.00
# Visual Studio Version 17
VisualStudioVersion = 17.6.33723.286
MinimumVisualStudioVersion = 10.0.40219.1
Project("{888888A0-9F3D-457C-B088-3A5042F75D52}") = "TOPO_lab2", "TOPO_lab2.pyproj", "{6AA1A627-3B4D-49DD-A0F4-E9BC68772F83}"
EndProject
Global
	GlobalSection(SolutionConfigurationPlatforms) = preSolution
		Debug|Any CPU = Debug|Any CPU
		Release|Any CPU = Release|Any CPU
	EndGlobalSection
	GlobalSection(ProjectConfigurationPlatforms) = postSolution
		{6AA1A627-3B4D-49DD-A0F4-E9BC68772F83}.Debug|Any CPU.ActiveCfg = Debug|Any CPU
		{6AA1A627-3B4D-49DD-A0F4-E9BC68772F83}.Release|Any CPU.ActiveCfg = Release|Any CPU
	EndGlobalSection
	GlobalSection(SolutionProperties) = preSolution
		HideSolutionNode = FALSE
	EndGlobalSection
	GlobalSection(ExtensibilityGlobals) = postSolution
		SolutionGuid = {763535F5-5643-4508-A5DE-1E1AE3E5F992}
	EndGlobalSection
EndGlobal
